// !$*UTF8*$!
{
	archiveVersion = 1;
	classes = {
	};
	objectVersion = 46;
	objects = {

/* Begin PBXBuildFile section */
		CE4C2D0E135FF8D70071F1C9 /* msAnimation.cpp in Sources */ = {isa = PBXBuildFile; fileRef = CE4C2CE3135FF8D70071F1C9 /* msAnimation.cpp */; };
		CE4C2D0F135FF8D70071F1C9 /* msAnimationBundle.cpp in Sources */ = {isa = PBXBuildFile; fileRef = CE4C2CE6135FF8D70071F1C9 /* msAnimationBundle.cpp */; };
		CE4C2D10135FF8D70071F1C9 /* msAnimationContext.cpp in Sources */ = {isa = PBXBuildFile; fileRef = CE4C2CE8135FF8D70071F1C9 /* msAnimationContext.cpp */; };
		CE4C2D11135FF8D70071F1C9 /* msBox.cpp in Sources */ = {isa = PBXBuildFile; fileRef = CE4C2CEA135FF8D70071F1C9 /* msBox.cpp */; };
		CE4C2D12135FF8D70071F1C9 /* msBoxAnimation.cpp in Sources */ = {isa = PBXBuildFile; fileRef = CE4C2CEC135FF8D70071F1C9 /* msBoxAnimation.cpp */; };
		CE4C2D13135FF8D70071F1C9 /* msBoxGrid.cpp in Sources */ = {isa = PBXBuildFile; fileRef = CE4C2CEE135FF8D70071F1C9 /* msBoxGrid.cpp */; };
		CE4C2D14135FF8D70071F1C9 /* msBoxGridRenderer.cpp in Sources */ = {isa = PBXBuildFile; fileRef = CE4C2CF0135FF8D70071F1C9 /* msBoxGridRenderer.cpp */; };
		CE4C2D15135FF8D70071F1C9 /* msPalette.cpp in Sources */ = {isa = PBXBuildFile; fileRef = CE4C2CF3135FF8D70071F1C9 /* msPalette.cpp */; };
		CE4C2D16135FF8D70071F1C9 /* msImageObject.cpp in Sources */ = {isa = PBXBuildFile; fileRef = CE4C2CF7135FF8D70071F1C9 /* msImageObject.cpp */; };
		CE4C2D17135FF8D70071F1C9 /* msParticleEmitter.cpp in Sources */ = {isa = PBXBuildFile; fileRef = CE4C2CF9135FF8D70071F1C9 /* msParticleEmitter.cpp */; };
		CE4C2D18135FF8D70071F1C9 /* msScene.cpp in Sources */ = {isa = PBXBuildFile; fileRef = CE4C2CFB135FF8D70071F1C9 /* msScene.cpp */; };
		CE4C2D19135FF8D70071F1C9 /* msSimpleImageLoader.cpp in Sources */ = {isa = PBXBuildFile; fileRef = CE4C2CFD135FF8D70071F1C9 /* msSimpleImageLoader.cpp */; };
		CE4C2D1A135FF8D70071F1C9 /* msTga.cpp in Sources */ = {isa = PBXBuildFile; fileRef = CE4C2CFF135FF8D70071F1C9 /* msTga.cpp */; };
		CE4C2D1B135FF8D70071F1C9 /* msAttribute.cpp in Sources */ = {isa = PBXBuildFile; fileRef = CE4C2D02135FF8D70071F1C9 /* msAttribute.cpp */; };
		CE4C2D1C135FF8D70071F1C9 /* msFrameBuffer.cpp in Sources */ = {isa = PBXBuildFile; fileRef = CE4C2D04135FF8D70071F1C9 /* msFrameBuffer.cpp */; };
		CE4C2D1D135FF8D70071F1C9 /* msShaderProgram.cpp in Sources */ = {isa = PBXBuildFile; fileRef = CE4C2D06135FF8D70071F1C9 /* msShaderProgram.cpp */; };
		CE4C2D1E135FF8D70071F1C9 /* msShaderPrograms.cpp in Sources */ = {isa = PBXBuildFile; fileRef = CE4C2D08135FF8D70071F1C9 /* msShaderPrograms.cpp */; };
		CE4C2D1F135FF8D70071F1C9 /* msTexture.cpp in Sources */ = {isa = PBXBuildFile; fileRef = CE4C2D0A135FF8D70071F1C9 /* msTexture.cpp */; };
		CE4C2D20135FF8D70071F1C9 /* msUniform.cpp in Sources */ = {isa = PBXBuildFile; fileRef = CE4C2D0C135FF8D70071F1C9 /* msUniform.cpp */; };
		CE4C2E5713628C4B0071F1C9 /* msGL.cpp in Sources */ = {isa = PBXBuildFile; fileRef = CE4C2E5613628C4B0071F1C9 /* msGL.cpp */; };
		CE4C2E6813628C6A0071F1C9 /* boxgrid_fragment.c in Sources */ = {isa = PBXBuildFile; fileRef = CE4C2E5A13628C6A0071F1C9 /* boxgrid_fragment.c */; };
		CE4C2E6913628C6A0071F1C9 /* boxgrid_vertex.c in Sources */ = {isa = PBXBuildFile; fileRef = CE4C2E5B13628C6A0071F1C9 /* boxgrid_vertex.c */; };
		CE4C2E6F13628C6A0071F1C9 /* particle_complete_fragment.c in Sources */ = {isa = PBXBuildFile; fileRef = CE4C2E6113628C6A0071F1C9 /* particle_complete_fragment.c */; };
		CE4C2E7013628C6A0071F1C9 /* particle_complete_vertex.c in Sources */ = {isa = PBXBuildFile; fileRef = CE4C2E6213628C6A0071F1C9 /* particle_complete_vertex.c */; };
		CE4C2E7113628C6A0071F1C9 /* particle_create_fragment.c in Sources */ = {isa = PBXBuildFile; fileRef = CE4C2E6313628C6A0071F1C9 /* particle_create_fragment.c */; };
		CE4C2E7213628C6A0071F1C9 /* particle_create_vertex.c in Sources */ = {isa = PBXBuildFile; fileRef = CE4C2E6413628C6A0071F1C9 /* particle_create_vertex.c */; };
		CE4C2E7313628C6A0071F1C9 /* texture_aftershock_fragment.c in Sources */ = {isa = PBXBuildFile; fileRef = CE4C2E6513628C6A0071F1C9 /* texture_aftershock_fragment.c */; };
		CE4C2E7413628C6A0071F1C9 /* texture_aftershock_vertex.c in Sources */ = {isa = PBXBuildFile; fileRef = CE4C2E6613628C6A0071F1C9 /* texture_aftershock_vertex.c */; };
		CE4C2E7713628CE30071F1C9 /* boxgrid_fragment.c in CopyFiles */ = {isa = PBXBuildFile; fileRef = CE4C2E5A13628C6A0071F1C9 /* boxgrid_fragment.c */; };
		CE4C2E7813628CE30071F1C9 /* boxgrid_vertex.c in CopyFiles */ = {isa = PBXBuildFile; fileRef = CE4C2E5B13628C6A0071F1C9 /* boxgrid_vertex.c */; };
		CE4C2E7913628CE30071F1C9 /* expl.tga in CopyFiles */ = {isa = PBXBuildFile; fileRef = CE4C2E5C13628C6A0071F1C9 /* expl.tga */; };
		CE4C2E7A13628CE30071F1C9 /* Fieldstone.tga in CopyFiles */ = {isa = PBXBuildFile; fileRef = CE4C2E5D13628C6A0071F1C9 /* Fieldstone.tga */; };
		CE4C2E7B13628CE30071F1C9 /* ms.tga in CopyFiles */ = {isa = PBXBuildFile; fileRef = CE4C2E5E13628C6A0071F1C9 /* ms.tga */; };
		CE4C2E7C13628CE30071F1C9 /* noise.jpg in CopyFiles */ = {isa = PBXBuildFile; fileRef = CE4C2E5F13628C6A0071F1C9 /* noise.jpg */; };
		CE4C2E7D13628CE30071F1C9 /* noise.tga in CopyFiles */ = {isa = PBXBuildFile; fileRef = CE4C2E6013628C6A0071F1C9 /* noise.tga */; };
		CE4C2E7E13628CE30071F1C9 /* particle_complete_fragment.c in CopyFiles */ = {isa = PBXBuildFile; fileRef = CE4C2E6113628C6A0071F1C9 /* particle_complete_fragment.c */; };
		CE4C2E7F13628CE30071F1C9 /* particle_complete_vertex.c in CopyFiles */ = {isa = PBXBuildFile; fileRef = CE4C2E6213628C6A0071F1C9 /* particle_complete_vertex.c */; };
		CE4C2E8013628CE30071F1C9 /* particle_create_fragment.c in CopyFiles */ = {isa = PBXBuildFile; fileRef = CE4C2E6313628C6A0071F1C9 /* particle_create_fragment.c */; };
		CE4C2E8113628CE30071F1C9 /* particle_create_vertex.c in CopyFiles */ = {isa = PBXBuildFile; fileRef = CE4C2E6413628C6A0071F1C9 /* particle_create_vertex.c */; };
		CE4C2E8213628CE30071F1C9 /* texture_aftershock_fragment.c in CopyFiles */ = {isa = PBXBuildFile; fileRef = CE4C2E6513628C6A0071F1C9 /* texture_aftershock_fragment.c */; };
		CE4C2E8313628CE30071F1C9 /* texture_aftershock_vertex.c in CopyFiles */ = {isa = PBXBuildFile; fileRef = CE4C2E6613628C6A0071F1C9 /* texture_aftershock_vertex.c */; };
		CE4C2E8413628CE30071F1C9 /* uniforms.txt in CopyFiles */ = {isa = PBXBuildFile; fileRef = CE4C2E6713628C6A0071F1C9 /* uniforms.txt */; };
		CE8D89C8135E94B700C083EA /* UIKit.framework in Frameworks */ = {isa = PBXBuildFile; fileRef = CE8D89C7135E94B700C083EA /* UIKit.framework */; };
		CE8D89CA135E94B700C083EA /* Foundation.framework in Frameworks */ = {isa = PBXBuildFile; fileRef = CE8D89C9135E94B700C083EA /* Foundation.framework */; };
		CE8D89CC135E94B700C083EA /* CoreGraphics.framework in Frameworks */ = {isa = PBXBuildFile; fileRef = CE8D89CB135E94B700C083EA /* CoreGraphics.framework */; };
		CE8D89CE135E94B700C083EA /* QuartzCore.framework in Frameworks */ = {isa = PBXBuildFile; fileRef = CE8D89CD135E94B700C083EA /* QuartzCore.framework */; };
		CE8D89D0135E94B700C083EA /* OpenGLES.framework in Frameworks */ = {isa = PBXBuildFile; fileRef = CE8D89CF135E94B700C083EA /* OpenGLES.framework */; };
		CE8D89D6135E94B700C083EA /* InfoPlist.strings in Resources */ = {isa = PBXBuildFile; fileRef = CE8D89D4135E94B700C083EA /* InfoPlist.strings */; };
		CE8D89D9135E94B700C083EA /* main.m in Sources */ = {isa = PBXBuildFile; fileRef = CE8D89D8135E94B700C083EA /* main.m */; };
		CE8D89DC135E94B700C083EA /* aitAppDelegate.mm in Sources */ = {isa = PBXBuildFile; fileRef = CE8D89DB135E94B700C083EA /* aitAppDelegate.mm */; };
		CE8D89DF135E94B700C083EA /* MainWindow.xib in Resources */ = {isa = PBXBuildFile; fileRef = CE8D89DD135E94B700C083EA /* MainWindow.xib */; };
		CE8D89E6135E94B700C083EA /* EAGLView.mm in Sources */ = {isa = PBXBuildFile; fileRef = CE8D89E5135E94B700C083EA /* EAGLView.mm */; };
		CE8D89E9135E94B700C083EA /* aitViewController.mm in Sources */ = {isa = PBXBuildFile; fileRef = CE8D89E8135E94B700C083EA /* aitViewController.mm */; };
		CE8D89EC135E94B700C083EA /* aitViewController.xib in Resources */ = {isa = PBXBuildFile; fileRef = CE8D89EA135E94B700C083EA /* aitViewController.xib */; };
		CE8D89F3135E94B700C083EA /* UIKit.framework in Frameworks */ = {isa = PBXBuildFile; fileRef = CE8D89C7135E94B700C083EA /* UIKit.framework */; };
		CE8D89F4135E94B700C083EA /* Foundation.framework in Frameworks */ = {isa = PBXBuildFile; fileRef = CE8D89C9135E94B700C083EA /* Foundation.framework */; };
		CE8D89F5135E94B700C083EA /* CoreGraphics.framework in Frameworks */ = {isa = PBXBuildFile; fileRef = CE8D89CB135E94B700C083EA /* CoreGraphics.framework */; };
		CE8D89FD135E94B700C083EA /* InfoPlist.strings in Resources */ = {isa = PBXBuildFile; fileRef = CE8D89FB135E94B700C083EA /* InfoPlist.strings */; };
		CE8D8A00135E94B700C083EA /* aitTests.h in Resources */ = {isa = PBXBuildFile; fileRef = CE8D89FF135E94B700C083EA /* aitTests.h */; };
		CE8D8A02135E94B700C083EA /* aitTests.m in Sources */ = {isa = PBXBuildFile; fileRef = CE8D8A01135E94B700C083EA /* aitTests.m */; };
/* End PBXBuildFile section */

/* Begin PBXContainerItemProxy section */
		CE8D89F6135E94B700C083EA /* PBXContainerItemProxy */ = {
			isa = PBXContainerItemProxy;
			containerPortal = CE8D89BA135E94B600C083EA /* Project object */;
			proxyType = 1;
			remoteGlobalIDString = CE8D89C2135E94B700C083EA;
			remoteInfo = ait;
		};
/* End PBXContainerItemProxy section */

/* Begin PBXCopyFilesBuildPhase section */
		CE4C2E7613628CCD0071F1C9 /* CopyFiles */ = {
			isa = PBXCopyFilesBuildPhase;
			buildActionMask = 2147483647;
			dstPath = data;
			dstSubfolderSpec = 7;
			files = (
				CE4C2E7713628CE30071F1C9 /* boxgrid_fragment.c in CopyFiles */,
				CE4C2E7813628CE30071F1C9 /* boxgrid_vertex.c in CopyFiles */,
				CE4C2E7913628CE30071F1C9 /* expl.tga in CopyFiles */,
				CE4C2E7A13628CE30071F1C9 /* Fieldstone.tga in CopyFiles */,
				CE4C2E7B13628CE30071F1C9 /* ms.tga in CopyFiles */,
				CE4C2E7C13628CE30071F1C9 /* noise.jpg in CopyFiles */,
				CE4C2E7D13628CE30071F1C9 /* noise.tga in CopyFiles */,
				CE4C2E7E13628CE30071F1C9 /* particle_complete_fragment.c in CopyFiles */,
				CE4C2E7F13628CE30071F1C9 /* particle_complete_vertex.c in CopyFiles */,
				CE4C2E8013628CE30071F1C9 /* particle_create_fragment.c in CopyFiles */,
				CE4C2E8113628CE30071F1C9 /* particle_create_vertex.c in CopyFiles */,
				CE4C2E8213628CE30071F1C9 /* texture_aftershock_fragment.c in CopyFiles */,
				CE4C2E8313628CE30071F1C9 /* texture_aftershock_vertex.c in CopyFiles */,
				CE4C2E8413628CE30071F1C9 /* uniforms.txt in CopyFiles */,
			);
			runOnlyForDeploymentPostprocessing = 0;
		};
/* End PBXCopyFilesBuildPhase section */

/* Begin PBXFileReference section */
		CE4C2CE3135FF8D70071F1C9 /* msAnimation.cpp */ = {isa = PBXFileReference; fileEncoding = 4; lastKnownFileType = sourcecode.cpp.cpp; path = msAnimation.cpp; sourceTree = "<group>"; };
		CE4C2CE4135FF8D70071F1C9 /* msAnimation.h */ = {isa = PBXFileReference; fileEncoding = 4; lastKnownFileType = sourcecode.c.h; path = msAnimation.h; sourceTree = "<group>"; };
		CE4C2CE5135FF8D70071F1C9 /* msAnimationBase.h */ = {isa = PBXFileReference; fileEncoding = 4; lastKnownFileType = sourcecode.c.h; path = msAnimationBase.h; sourceTree = "<group>"; };
		CE4C2CE6135FF8D70071F1C9 /* msAnimationBundle.cpp */ = {isa = PBXFileReference; fileEncoding = 4; lastKnownFileType = sourcecode.cpp.cpp; path = msAnimationBundle.cpp; sourceTree = "<group>"; };
		CE4C2CE7135FF8D70071F1C9 /* msAnimationBundle.h */ = {isa = PBXFileReference; fileEncoding = 4; lastKnownFileType = sourcecode.c.h; path = msAnimationBundle.h; sourceTree = "<group>"; };
		CE4C2CE8135FF8D70071F1C9 /* msAnimationContext.cpp */ = {isa = PBXFileReference; fileEncoding = 4; lastKnownFileType = sourcecode.cpp.cpp; path = msAnimationContext.cpp; sourceTree = "<group>"; };
		CE4C2CE9135FF8D70071F1C9 /* msAnimationContext.h */ = {isa = PBXFileReference; fileEncoding = 4; lastKnownFileType = sourcecode.c.h; path = msAnimationContext.h; sourceTree = "<group>"; };
		CE4C2CEA135FF8D70071F1C9 /* msBox.cpp */ = {isa = PBXFileReference; fileEncoding = 4; lastKnownFileType = sourcecode.cpp.cpp; path = msBox.cpp; sourceTree = "<group>"; };
		CE4C2CEB135FF8D70071F1C9 /* msBox.h */ = {isa = PBXFileReference; fileEncoding = 4; lastKnownFileType = sourcecode.c.h; path = msBox.h; sourceTree = "<group>"; };
		CE4C2CEC135FF8D70071F1C9 /* msBoxAnimation.cpp */ = {isa = PBXFileReference; fileEncoding = 4; lastKnownFileType = sourcecode.cpp.cpp; path = msBoxAnimation.cpp; sourceTree = "<group>"; };
		CE4C2CED135FF8D70071F1C9 /* msBoxAnimation.h */ = {isa = PBXFileReference; fileEncoding = 4; lastKnownFileType = sourcecode.c.h; path = msBoxAnimation.h; sourceTree = "<group>"; };
		CE4C2CEE135FF8D70071F1C9 /* msBoxGrid.cpp */ = {isa = PBXFileReference; fileEncoding = 4; lastKnownFileType = sourcecode.cpp.cpp; path = msBoxGrid.cpp; sourceTree = "<group>"; };
		CE4C2CEF135FF8D70071F1C9 /* msBoxGrid.h */ = {isa = PBXFileReference; fileEncoding = 4; lastKnownFileType = sourcecode.c.h; path = msBoxGrid.h; sourceTree = "<group>"; };
		CE4C2CF0135FF8D70071F1C9 /* msBoxGridRenderer.cpp */ = {isa = PBXFileReference; fileEncoding = 4; lastKnownFileType = sourcecode.cpp.cpp; path = msBoxGridRenderer.cpp; sourceTree = "<group>"; };
		CE4C2CF1135FF8D70071F1C9 /* msBoxGridRenderer.h */ = {isa = PBXFileReference; fileEncoding = 4; lastKnownFileType = sourcecode.c.h; path = msBoxGridRenderer.h; sourceTree = "<group>"; };
		CE4C2CF2135FF8D70071F1C9 /* msGrid.h */ = {isa = PBXFileReference; fileEncoding = 4; lastKnownFileType = sourcecode.c.h; path = msGrid.h; sourceTree = "<group>"; };
		CE4C2CF3135FF8D70071F1C9 /* msPalette.cpp */ = {isa = PBXFileReference; fileEncoding = 4; lastKnownFileType = sourcecode.cpp.cpp; path = msPalette.cpp; sourceTree = "<group>"; };
		CE4C2CF4135FF8D70071F1C9 /* msPalette.h */ = {isa = PBXFileReference; fileEncoding = 4; lastKnownFileType = sourcecode.c.h; path = msPalette.h; sourceTree = "<group>"; };
		CE4C2CF5135FF8D70071F1C9 /* msCommon.h */ = {isa = PBXFileReference; fileEncoding = 4; lastKnownFileType = sourcecode.c.h; path = msCommon.h; sourceTree = "<group>"; };
		CE4C2CF6135FF8D70071F1C9 /* msGL.h */ = {isa = PBXFileReference; fileEncoding = 4; lastKnownFileType = sourcecode.c.h; path = msGL.h; sourceTree = "<group>"; };
		CE4C2CF7135FF8D70071F1C9 /* msImageObject.cpp */ = {isa = PBXFileReference; fileEncoding = 4; lastKnownFileType = sourcecode.cpp.cpp; path = msImageObject.cpp; sourceTree = "<group>"; };
		CE4C2CF8135FF8D70071F1C9 /* msImageObject.h */ = {isa = PBXFileReference; fileEncoding = 4; lastKnownFileType = sourcecode.c.h; path = msImageObject.h; sourceTree = "<group>"; };
		CE4C2CF9135FF8D70071F1C9 /* msParticleEmitter.cpp */ = {isa = PBXFileReference; fileEncoding = 4; lastKnownFileType = sourcecode.cpp.cpp; path = msParticleEmitter.cpp; sourceTree = "<group>"; };
		CE4C2CFA135FF8D70071F1C9 /* msParticleEmitter.h */ = {isa = PBXFileReference; fileEncoding = 4; lastKnownFileType = sourcecode.c.h; path = msParticleEmitter.h; sourceTree = "<group>"; };
		CE4C2CFB135FF8D70071F1C9 /* msScene.cpp */ = {isa = PBXFileReference; fileEncoding = 4; lastKnownFileType = sourcecode.cpp.cpp; path = msScene.cpp; sourceTree = "<group>"; };
		CE4C2CFC135FF8D70071F1C9 /* msScene.h */ = {isa = PBXFileReference; fileEncoding = 4; lastKnownFileType = sourcecode.c.h; path = msScene.h; sourceTree = "<group>"; };
		CE4C2CFD135FF8D70071F1C9 /* msSimpleImageLoader.cpp */ = {isa = PBXFileReference; fileEncoding = 4; lastKnownFileType = sourcecode.cpp.cpp; path = msSimpleImageLoader.cpp; sourceTree = "<group>"; };
		CE4C2CFE135FF8D70071F1C9 /* msSimpleImageLoader.h */ = {isa = PBXFileReference; fileEncoding = 4; lastKnownFileType = sourcecode.c.h; path = msSimpleImageLoader.h; sourceTree = "<group>"; };
		CE4C2CFF135FF8D70071F1C9 /* msTga.cpp */ = {isa = PBXFileReference; fileEncoding = 4; lastKnownFileType = sourcecode.cpp.cpp; path = msTga.cpp; sourceTree = "<group>"; };
		CE4C2D00135FF8D70071F1C9 /* msTga.h */ = {isa = PBXFileReference; fileEncoding = 4; lastKnownFileType = sourcecode.c.h; path = msTga.h; sourceTree = "<group>"; };
		CE4C2D02135FF8D70071F1C9 /* msAttribute.cpp */ = {isa = PBXFileReference; fileEncoding = 4; lastKnownFileType = sourcecode.cpp.cpp; path = msAttribute.cpp; sourceTree = "<group>"; };
		CE4C2D03135FF8D70071F1C9 /* msAttribute.h */ = {isa = PBXFileReference; fileEncoding = 4; lastKnownFileType = sourcecode.c.h; path = msAttribute.h; sourceTree = "<group>"; };
		CE4C2D04135FF8D70071F1C9 /* msFrameBuffer.cpp */ = {isa = PBXFileReference; fileEncoding = 4; lastKnownFileType = sourcecode.cpp.cpp; path = msFrameBuffer.cpp; sourceTree = "<group>"; };
		CE4C2D05135FF8D70071F1C9 /* msFrameBuffer.h */ = {isa = PBXFileReference; fileEncoding = 4; lastKnownFileType = sourcecode.c.h; path = msFrameBuffer.h; sourceTree = "<group>"; };
		CE4C2D06135FF8D70071F1C9 /* msShaderProgram.cpp */ = {isa = PBXFileReference; fileEncoding = 4; lastKnownFileType = sourcecode.cpp.cpp; path = msShaderProgram.cpp; sourceTree = "<group>"; };
		CE4C2D07135FF8D70071F1C9 /* msShaderProgram.h */ = {isa = PBXFileReference; fileEncoding = 4; lastKnownFileType = sourcecode.c.h; path = msShaderProgram.h; sourceTree = "<group>"; };
		CE4C2D08135FF8D70071F1C9 /* msShaderPrograms.cpp */ = {isa = PBXFileReference; fileEncoding = 4; lastKnownFileType = sourcecode.cpp.cpp; path = msShaderPrograms.cpp; sourceTree = "<group>"; };
		CE4C2D09135FF8D70071F1C9 /* msShaderPrograms.h */ = {isa = PBXFileReference; fileEncoding = 4; lastKnownFileType = sourcecode.c.h; path = msShaderPrograms.h; sourceTree = "<group>"; };
		CE4C2D0A135FF8D70071F1C9 /* msTexture.cpp */ = {isa = PBXFileReference; fileEncoding = 4; lastKnownFileType = sourcecode.cpp.cpp; path = msTexture.cpp; sourceTree = "<group>"; };
		CE4C2D0B135FF8D70071F1C9 /* msTexture.h */ = {isa = PBXFileReference; fileEncoding = 4; lastKnownFileType = sourcecode.c.h; path = msTexture.h; sourceTree = "<group>"; };
		CE4C2D0C135FF8D70071F1C9 /* msUniform.cpp */ = {isa = PBXFileReference; fileEncoding = 4; lastKnownFileType = sourcecode.cpp.cpp; path = msUniform.cpp; sourceTree = "<group>"; };
		CE4C2D0D135FF8D70071F1C9 /* msUniform.h */ = {isa = PBXFileReference; fileEncoding = 4; lastKnownFileType = sourcecode.c.h; path = msUniform.h; sourceTree = "<group>"; };
		CE4C2E5613628C4B0071F1C9 /* msGL.cpp */ = {isa = PBXFileReference; fileEncoding = 4; lastKnownFileType = sourcecode.cpp.cpp; path = msGL.cpp; sourceTree = "<group>"; };
		CE4C2E5A13628C6A0071F1C9 /* boxgrid_fragment.c */ = {isa = PBXFileReference; explicitFileType = text; fileEncoding = 4; path = boxgrid_fragment.c; sourceTree = "<group>"; };
		CE4C2E5B13628C6A0071F1C9 /* boxgrid_vertex.c */ = {isa = PBXFileReference; explicitFileType = text; fileEncoding = 4; path = boxgrid_vertex.c; sourceTree = "<group>"; };
		CE4C2E5C13628C6A0071F1C9 /* expl.tga */ = {isa = PBXFileReference; lastKnownFileType = file; path = expl.tga; sourceTree = "<group>"; };
		CE4C2E5D13628C6A0071F1C9 /* Fieldstone.tga */ = {isa = PBXFileReference; lastKnownFileType = file; path = Fieldstone.tga; sourceTree = "<group>"; };
		CE4C2E5E13628C6A0071F1C9 /* ms.tga */ = {isa = PBXFileReference; lastKnownFileType = file; path = ms.tga; sourceTree = "<group>"; };
		CE4C2E5F13628C6A0071F1C9 /* noise.jpg */ = {isa = PBXFileReference; lastKnownFileType = image.jpeg; path = noise.jpg; sourceTree = "<group>"; };
		CE4C2E6013628C6A0071F1C9 /* noise.tga */ = {isa = PBXFileReference; lastKnownFileType = file; path = noise.tga; sourceTree = "<group>"; };
		CE4C2E6113628C6A0071F1C9 /* particle_complete_fragment.c */ = {isa = PBXFileReference; explicitFileType = text; fileEncoding = 4; path = particle_complete_fragment.c; sourceTree = "<group>"; };
		CE4C2E6213628C6A0071F1C9 /* particle_complete_vertex.c */ = {isa = PBXFileReference; explicitFileType = text; fileEncoding = 4; path = particle_complete_vertex.c; sourceTree = "<group>"; };
		CE4C2E6313628C6A0071F1C9 /* particle_create_fragment.c */ = {isa = PBXFileReference; explicitFileType = text; fileEncoding = 4; path = particle_create_fragment.c; sourceTree = "<group>"; };
		CE4C2E6413628C6A0071F1C9 /* particle_create_vertex.c */ = {isa = PBXFileReference; explicitFileType = text; fileEncoding = 4; path = particle_create_vertex.c; sourceTree = "<group>"; };
		CE4C2E6513628C6A0071F1C9 /* texture_aftershock_fragment.c */ = {isa = PBXFileReference; explicitFileType = text; fileEncoding = 4; path = texture_aftershock_fragment.c; sourceTree = "<group>"; };
		CE4C2E6613628C6A0071F1C9 /* texture_aftershock_vertex.c */ = {isa = PBXFileReference; explicitFileType = text; fileEncoding = 4; path = texture_aftershock_vertex.c; sourceTree = "<group>"; };
		CE4C2E6713628C6A0071F1C9 /* uniforms.txt */ = {isa = PBXFileReference; fileEncoding = 4; lastKnownFileType = text; path = uniforms.txt; sourceTree = "<group>"; };
		CE8D89C3135E94B700C083EA /* ait.app */ = {isa = PBXFileReference; explicitFileType = wrapper.application; includeInIndex = 0; path = ait.app; sourceTree = BUILT_PRODUCTS_DIR; };
		CE8D89C7135E94B700C083EA /* UIKit.framework */ = {isa = PBXFileReference; lastKnownFileType = wrapper.framework; name = UIKit.framework; path = System/Library/Frameworks/UIKit.framework; sourceTree = SDKROOT; };
		CE8D89C9135E94B700C083EA /* Foundation.framework */ = {isa = PBXFileReference; lastKnownFileType = wrapper.framework; name = Foundation.framework; path = System/Library/Frameworks/Foundation.framework; sourceTree = SDKROOT; };
		CE8D89CB135E94B700C083EA /* CoreGraphics.framework */ = {isa = PBXFileReference; lastKnownFileType = wrapper.framework; name = CoreGraphics.framework; path = System/Library/Frameworks/CoreGraphics.framework; sourceTree = SDKROOT; };
		CE8D89CD135E94B700C083EA /* QuartzCore.framework */ = {isa = PBXFileReference; lastKnownFileType = wrapper.framework; name = QuartzCore.framework; path = System/Library/Frameworks/QuartzCore.framework; sourceTree = SDKROOT; };
		CE8D89CF135E94B700C083EA /* OpenGLES.framework */ = {isa = PBXFileReference; lastKnownFileType = wrapper.framework; name = OpenGLES.framework; path = System/Library/Frameworks/OpenGLES.framework; sourceTree = SDKROOT; };
		CE8D89D3135E94B700C083EA /* ait-Info.plist */ = {isa = PBXFileReference; lastKnownFileType = text.plist.xml; path = "ait-Info.plist"; sourceTree = "<group>"; };
		CE8D89D5135E94B700C083EA /* en */ = {isa = PBXFileReference; lastKnownFileType = text.plist.strings; name = en; path = en.lproj/InfoPlist.strings; sourceTree = "<group>"; };
		CE8D89D7135E94B700C083EA /* ait-Prefix.pch */ = {isa = PBXFileReference; lastKnownFileType = sourcecode.c.h; path = "ait-Prefix.pch"; sourceTree = "<group>"; };
		CE8D89D8135E94B700C083EA /* main.m */ = {isa = PBXFileReference; lastKnownFileType = sourcecode.c.objc; path = main.m; sourceTree = "<group>"; };
		CE8D89DA135E94B700C083EA /* aitAppDelegate.h */ = {isa = PBXFileReference; lastKnownFileType = sourcecode.c.h; path = aitAppDelegate.h; sourceTree = "<group>"; };
		CE8D89DB135E94B700C083EA /* aitAppDelegate.mm */ = {isa = PBXFileReference; explicitFileType = sourcecode.cpp.objcpp; path = aitAppDelegate.mm; sourceTree = "<group>"; };
		CE8D89DE135E94B700C083EA /* en */ = {isa = PBXFileReference; lastKnownFileType = file.xib; name = en; path = en.lproj/MainWindow.xib; sourceTree = "<group>"; };
		CE8D89E4135E94B700C083EA /* EAGLView.h */ = {isa = PBXFileReference; lastKnownFileType = sourcecode.c.h; path = EAGLView.h; sourceTree = "<group>"; };
		CE8D89E5135E94B700C083EA /* EAGLView.mm */ = {isa = PBXFileReference; explicitFileType = sourcecode.cpp.objcpp; path = EAGLView.mm; sourceTree = "<group>"; };
		CE8D89E7135E94B700C083EA /* aitViewController.h */ = {isa = PBXFileReference; lastKnownFileType = sourcecode.c.h; path = aitViewController.h; sourceTree = "<group>"; };
		CE8D89E8135E94B700C083EA /* aitViewController.mm */ = {isa = PBXFileReference; explicitFileType = sourcecode.cpp.objcpp; path = aitViewController.mm; sourceTree = "<group>"; };
		CE8D89EB135E94B700C083EA /* en */ = {isa = PBXFileReference; lastKnownFileType = file.xib; name = en; path = en.lproj/aitViewController.xib; sourceTree = "<group>"; };
		CE8D89F2135E94B700C083EA /* aitTests.octest */ = {isa = PBXFileReference; explicitFileType = wrapper.cfbundle; includeInIndex = 0; path = aitTests.octest; sourceTree = BUILT_PRODUCTS_DIR; };
		CE8D89FA135E94B700C083EA /* aitTests-Info.plist */ = {isa = PBXFileReference; lastKnownFileType = text.plist.xml; path = "aitTests-Info.plist"; sourceTree = "<group>"; };
		CE8D89FC135E94B700C083EA /* en */ = {isa = PBXFileReference; lastKnownFileType = text.plist.strings; name = en; path = en.lproj/InfoPlist.strings; sourceTree = "<group>"; };
		CE8D89FE135E94B700C083EA /* aitTests-Prefix.pch */ = {isa = PBXFileReference; lastKnownFileType = sourcecode.c.h; path = "aitTests-Prefix.pch"; sourceTree = "<group>"; };
		CE8D89FF135E94B700C083EA /* aitTests.h */ = {isa = PBXFileReference; lastKnownFileType = sourcecode.c.h; path = aitTests.h; sourceTree = "<group>"; };
		CE8D8A01135E94B700C083EA /* aitTests.m */ = {isa = PBXFileReference; lastKnownFileType = sourcecode.c.objc; path = aitTests.m; sourceTree = "<group>"; };
/* End PBXFileReference section */

/* Begin PBXFrameworksBuildPhase section */
		CE8D89C0135E94B700C083EA /* Frameworks */ = {
			isa = PBXFrameworksBuildPhase;
			buildActionMask = 2147483647;
			files = (
				CE8D89C8135E94B700C083EA /* UIKit.framework in Frameworks */,
				CE8D89CA135E94B700C083EA /* Foundation.framework in Frameworks */,
				CE8D89CC135E94B700C083EA /* CoreGraphics.framework in Frameworks */,
				CE8D89CE135E94B700C083EA /* QuartzCore.framework in Frameworks */,
				CE8D89D0135E94B700C083EA /* OpenGLES.framework in Frameworks */,
			);
			runOnlyForDeploymentPostprocessing = 0;
		};
		CE8D89EE135E94B700C083EA /* Frameworks */ = {
			isa = PBXFrameworksBuildPhase;
			buildActionMask = 2147483647;
			files = (
				CE8D89F3135E94B700C083EA /* UIKit.framework in Frameworks */,
				CE8D89F4135E94B700C083EA /* Foundation.framework in Frameworks */,
				CE8D89F5135E94B700C083EA /* CoreGraphics.framework in Frameworks */,
			);
			runOnlyForDeploymentPostprocessing = 0;
		};
/* End PBXFrameworksBuildPhase section */

/* Begin PBXGroup section */
		CE4C2CE1135FF8D70071F1C9 /* ms */ = {
			isa = PBXGroup;
			children = (
				CE4C2D01135FF8D70071F1C9 /* ShaderProgram */,
				CE4C2CE2135FF8D70071F1C9 /* Annihilate */,
				CE4C2CF5135FF8D70071F1C9 /* msCommon.h */,
				CE4C2E5613628C4B0071F1C9 /* msGL.cpp */,
				CE4C2CF6135FF8D70071F1C9 /* msGL.h */,
				CE4C2CF7135FF8D70071F1C9 /* msImageObject.cpp */,
				CE4C2CF8135FF8D70071F1C9 /* msImageObject.h */,
				CE4C2CF9135FF8D70071F1C9 /* msParticleEmitter.cpp */,
				CE4C2CFA135FF8D70071F1C9 /* msParticleEmitter.h */,
				CE4C2CFB135FF8D70071F1C9 /* msScene.cpp */,
				CE4C2CFC135FF8D70071F1C9 /* msScene.h */,
				CE4C2CFD135FF8D70071F1C9 /* msSimpleImageLoader.cpp */,
				CE4C2CFE135FF8D70071F1C9 /* msSimpleImageLoader.h */,
				CE4C2CFF135FF8D70071F1C9 /* msTga.cpp */,
				CE4C2D00135FF8D70071F1C9 /* msTga.h */,
			);
			path = ms;
			sourceTree = "<group>";
		};
		CE4C2CE2135FF8D70071F1C9 /* Annihilate */ = {
			isa = PBXGroup;
			children = (
				CE4C2E5913628C6A0071F1C9 /* data */,
				CE4C2CE3135FF8D70071F1C9 /* msAnimation.cpp */,
				CE4C2CE4135FF8D70071F1C9 /* msAnimation.h */,
				CE4C2CE5135FF8D70071F1C9 /* msAnimationBase.h */,
				CE4C2CE6135FF8D70071F1C9 /* msAnimationBundle.cpp */,
				CE4C2CE7135FF8D70071F1C9 /* msAnimationBundle.h */,
				CE4C2CE8135FF8D70071F1C9 /* msAnimationContext.cpp */,
				CE4C2CE9135FF8D70071F1C9 /* msAnimationContext.h */,
				CE4C2CEA135FF8D70071F1C9 /* msBox.cpp */,
				CE4C2CEB135FF8D70071F1C9 /* msBox.h */,
				CE4C2CEC135FF8D70071F1C9 /* msBoxAnimation.cpp */,
				CE4C2CED135FF8D70071F1C9 /* msBoxAnimation.h */,
				CE4C2CEE135FF8D70071F1C9 /* msBoxGrid.cpp */,
				CE4C2CEF135FF8D70071F1C9 /* msBoxGrid.h */,
				CE4C2CF0135FF8D70071F1C9 /* msBoxGridRenderer.cpp */,
				CE4C2CF1135FF8D70071F1C9 /* msBoxGridRenderer.h */,
				CE4C2CF2135FF8D70071F1C9 /* msGrid.h */,
				CE4C2CF3135FF8D70071F1C9 /* msPalette.cpp */,
				CE4C2CF4135FF8D70071F1C9 /* msPalette.h */,
			);
			path = Annihilate;
			sourceTree = "<group>";
		};
		CE4C2D01135FF8D70071F1C9 /* ShaderProgram */ = {
			isa = PBXGroup;
			children = (
				CE4C2D02135FF8D70071F1C9 /* msAttribute.cpp */,
				CE4C2D03135FF8D70071F1C9 /* msAttribute.h */,
				CE4C2D04135FF8D70071F1C9 /* msFrameBuffer.cpp */,
				CE4C2D05135FF8D70071F1C9 /* msFrameBuffer.h */,
				CE4C2D06135FF8D70071F1C9 /* msShaderProgram.cpp */,
				CE4C2D07135FF8D70071F1C9 /* msShaderProgram.h */,
				CE4C2D08135FF8D70071F1C9 /* msShaderPrograms.cpp */,
				CE4C2D09135FF8D70071F1C9 /* msShaderPrograms.h */,
				CE4C2D0A135FF8D70071F1C9 /* msTexture.cpp */,
				CE4C2D0B135FF8D70071F1C9 /* msTexture.h */,
				CE4C2D0C135FF8D70071F1C9 /* msUniform.cpp */,
				CE4C2D0D135FF8D70071F1C9 /* msUniform.h */,
			);
			path = ShaderProgram;
			sourceTree = "<group>";
		};
		CE4C2E5913628C6A0071F1C9 /* data */ = {
			isa = PBXGroup;
			children = (
				CE4C2E5A13628C6A0071F1C9 /* boxgrid_fragment.c */,
				CE4C2E5B13628C6A0071F1C9 /* boxgrid_vertex.c */,
				CE4C2E5C13628C6A0071F1C9 /* expl.tga */,
				CE4C2E5D13628C6A0071F1C9 /* Fieldstone.tga */,
				CE4C2E5E13628C6A0071F1C9 /* ms.tga */,
				CE4C2E5F13628C6A0071F1C9 /* noise.jpg */,
				CE4C2E6013628C6A0071F1C9 /* noise.tga */,
				CE4C2E6113628C6A0071F1C9 /* particle_complete_fragment.c */,
				CE4C2E6213628C6A0071F1C9 /* particle_complete_vertex.c */,
				CE4C2E6313628C6A0071F1C9 /* particle_create_fragment.c */,
				CE4C2E6413628C6A0071F1C9 /* particle_create_vertex.c */,
				CE4C2E6513628C6A0071F1C9 /* texture_aftershock_fragment.c */,
				CE4C2E6613628C6A0071F1C9 /* texture_aftershock_vertex.c */,
				CE4C2E6713628C6A0071F1C9 /* uniforms.txt */,
			);
			path = data;
			sourceTree = "<group>";
		};
		CE8D89B8135E94B600C083EA = {
			isa = PBXGroup;
			children = (
				CE4C2CE1135FF8D70071F1C9 /* ms */,
				CE8D89D1135E94B700C083EA /* ait */,
				CE8D89F8135E94B700C083EA /* aitTests */,
				CE8D89C6135E94B700C083EA /* Frameworks */,
				CE8D89C4135E94B700C083EA /* Products */,
			);
			sourceTree = "<group>";
		};
		CE8D89C4135E94B700C083EA /* Products */ = {
			isa = PBXGroup;
			children = (
				CE8D89C3135E94B700C083EA /* ait.app */,
				CE8D89F2135E94B700C083EA /* aitTests.octest */,
			);
			name = Products;
			sourceTree = "<group>";
		};
		CE8D89C6135E94B700C083EA /* Frameworks */ = {
			isa = PBXGroup;
			children = (
				CE8D89C7135E94B700C083EA /* UIKit.framework */,
				CE8D89C9135E94B700C083EA /* Foundation.framework */,
				CE8D89CB135E94B700C083EA /* CoreGraphics.framework */,
				CE8D89CD135E94B700C083EA /* QuartzCore.framework */,
				CE8D89CF135E94B700C083EA /* OpenGLES.framework */,
			);
			name = Frameworks;
			sourceTree = "<group>";
		};
		CE8D89D1135E94B700C083EA /* ait */ = {
			isa = PBXGroup;
			children = (
				CE8D89DA135E94B700C083EA /* aitAppDelegate.h */,
				CE8D89DB135E94B700C083EA /* aitAppDelegate.mm */,
				CE8D89DD135E94B700C083EA /* MainWindow.xib */,
				CE8D89E4135E94B700C083EA /* EAGLView.h */,
				CE8D89E5135E94B700C083EA /* EAGLView.mm */,
				CE8D89E7135E94B700C083EA /* aitViewController.h */,
				CE8D89E8135E94B700C083EA /* aitViewController.mm */,
				CE8D89EA135E94B700C083EA /* aitViewController.xib */,
				CE8D89D2135E94B700C083EA /* Supporting Files */,
			);
			path = ait;
			sourceTree = "<group>";
		};
		CE8D89D2135E94B700C083EA /* Supporting Files */ = {
			isa = PBXGroup;
			children = (
				CE8D89D3135E94B700C083EA /* ait-Info.plist */,
				CE8D89D4135E94B700C083EA /* InfoPlist.strings */,
				CE8D89D7135E94B700C083EA /* ait-Prefix.pch */,
				CE8D89D8135E94B700C083EA /* main.m */,
			);
			name = "Supporting Files";
			sourceTree = "<group>";
		};
		CE8D89F8135E94B700C083EA /* aitTests */ = {
			isa = PBXGroup;
			children = (
				CE8D89FF135E94B700C083EA /* aitTests.h */,
				CE8D8A01135E94B700C083EA /* aitTests.m */,
				CE8D89F9135E94B700C083EA /* Supporting Files */,
			);
			path = aitTests;
			sourceTree = "<group>";
		};
		CE8D89F9135E94B700C083EA /* Supporting Files */ = {
			isa = PBXGroup;
			children = (
				CE8D89FA135E94B700C083EA /* aitTests-Info.plist */,
				CE8D89FB135E94B700C083EA /* InfoPlist.strings */,
				CE8D89FE135E94B700C083EA /* aitTests-Prefix.pch */,
			);
			name = "Supporting Files";
			sourceTree = "<group>";
		};
/* End PBXGroup section */

/* Begin PBXNativeTarget section */
		CE8D89C2135E94B700C083EA /* ait */ = {
			isa = PBXNativeTarget;
			buildConfigurationList = CE8D8A05135E94B700C083EA /* Build configuration list for PBXNativeTarget "ait" */;
			buildPhases = (
				CE8D89BF135E94B700C083EA /* Sources */,
				CE8D89C0135E94B700C083EA /* Frameworks */,
				CE8D89C1135E94B700C083EA /* Resources */,
				CE4C2E7613628CCD0071F1C9 /* CopyFiles */,
			);
			buildRules = (
			);
			dependencies = (
			);
			name = ait;
			productName = ait;
			productReference = CE8D89C3135E94B700C083EA /* ait.app */;
			productType = "com.apple.product-type.application";
		};
		CE8D89F1135E94B700C083EA /* aitTests */ = {
			isa = PBXNativeTarget;
			buildConfigurationList = CE8D8A08135E94B700C083EA /* Build configuration list for PBXNativeTarget "aitTests" */;
			buildPhases = (
				CE8D89ED135E94B700C083EA /* Sources */,
				CE8D89EE135E94B700C083EA /* Frameworks */,
				CE8D89EF135E94B700C083EA /* Resources */,
				CE8D89F0135E94B700C083EA /* ShellScript */,
			);
			buildRules = (
			);
			dependencies = (
				CE8D89F7135E94B700C083EA /* PBXTargetDependency */,
			);
			name = aitTests;
			productName = aitTests;
			productReference = CE8D89F2135E94B700C083EA /* aitTests.octest */;
			productType = "com.apple.product-type.bundle";
		};
/* End PBXNativeTarget section */

/* Begin PBXProject section */
		CE8D89BA135E94B600C083EA /* Project object */ = {
			isa = PBXProject;
			buildConfigurationList = CE8D89BD135E94B600C083EA /* Build configuration list for PBXProject "ait" */;
			compatibilityVersion = "Xcode 3.2";
			developmentRegion = English;
			hasScannedForEncodings = 0;
			knownRegions = (
				en,
			);
			mainGroup = CE8D89B8135E94B600C083EA;
			productRefGroup = CE8D89C4135E94B700C083EA /* Products */;
			projectDirPath = "";
			projectRoot = "";
			targets = (
				CE8D89C2135E94B700C083EA /* ait */,
				CE8D89F1135E94B700C083EA /* aitTests */,
			);
		};
/* End PBXProject section */

/* Begin PBXResourcesBuildPhase section */
		CE8D89C1135E94B700C083EA /* Resources */ = {
			isa = PBXResourcesBuildPhase;
			buildActionMask = 2147483647;
			files = (
				CE8D89D6135E94B700C083EA /* InfoPlist.strings in Resources */,
				CE8D89DF135E94B700C083EA /* MainWindow.xib in Resources */,
				CE8D89EC135E94B700C083EA /* aitViewController.xib in Resources */,
			);
			runOnlyForDeploymentPostprocessing = 0;
		};
		CE8D89EF135E94B700C083EA /* Resources */ = {
			isa = PBXResourcesBuildPhase;
			buildActionMask = 2147483647;
			files = (
				CE8D89FD135E94B700C083EA /* InfoPlist.strings in Resources */,
				CE8D8A00135E94B700C083EA /* aitTests.h in Resources */,
			);
			runOnlyForDeploymentPostprocessing = 0;
		};
/* End PBXResourcesBuildPhase section */

/* Begin PBXShellScriptBuildPhase section */
		CE8D89F0135E94B700C083EA /* ShellScript */ = {
			isa = PBXShellScriptBuildPhase;
			buildActionMask = 2147483647;
			files = (
			);
			inputPaths = (
			);
			outputPaths = (
			);
			runOnlyForDeploymentPostprocessing = 0;
			shellPath = /bin/sh;
			shellScript = "# Run the unit tests in this test bundle.\n\"${SYSTEM_DEVELOPER_DIR}/Tools/RunUnitTests\"\n";
		};
/* End PBXShellScriptBuildPhase section */

/* Begin PBXSourcesBuildPhase section */
		CE8D89BF135E94B700C083EA /* Sources */ = {
			isa = PBXSourcesBuildPhase;
			buildActionMask = 2147483647;
			files = (
				CE8D89D9135E94B700C083EA /* main.m in Sources */,
				CE8D89DC135E94B700C083EA /* aitAppDelegate.mm in Sources */,
				CE8D89E6135E94B700C083EA /* EAGLView.mm in Sources */,
				CE8D89E9135E94B700C083EA /* aitViewController.mm in Sources */,
				CE4C2D0E135FF8D70071F1C9 /* msAnimation.cpp in Sources */,
				CE4C2D0F135FF8D70071F1C9 /* msAnimationBundle.cpp in Sources */,
				CE4C2D10135FF8D70071F1C9 /* msAnimationContext.cpp in Sources */,
				CE4C2D11135FF8D70071F1C9 /* msBox.cpp in Sources */,
				CE4C2D12135FF8D70071F1C9 /* msBoxAnimation.cpp in Sources */,
				CE4C2D13135FF8D70071F1C9 /* msBoxGrid.cpp in Sources */,
				CE4C2D14135FF8D70071F1C9 /* msBoxGridRenderer.cpp in Sources */,
				CE4C2D15135FF8D70071F1C9 /* msPalette.cpp in Sources */,
				CE4C2D16135FF8D70071F1C9 /* msImageObject.cpp in Sources */,
				CE4C2D17135FF8D70071F1C9 /* msParticleEmitter.cpp in Sources */,
				CE4C2D18135FF8D70071F1C9 /* msScene.cpp in Sources */,
				CE4C2D19135FF8D70071F1C9 /* msSimpleImageLoader.cpp in Sources */,
				CE4C2D1A135FF8D70071F1C9 /* msTga.cpp in Sources */,
				CE4C2D1B135FF8D70071F1C9 /* msAttribute.cpp in Sources */,
				CE4C2D1C135FF8D70071F1C9 /* msFrameBuffer.cpp in Sources */,
				CE4C2D1D135FF8D70071F1C9 /* msShaderProgram.cpp in Sources */,
				CE4C2D1E135FF8D70071F1C9 /* msShaderPrograms.cpp in Sources */,
				CE4C2D1F135FF8D70071F1C9 /* msTexture.cpp in Sources */,
				CE4C2D20135FF8D70071F1C9 /* msUniform.cpp in Sources */,
				CE4C2E5713628C4B0071F1C9 /* msGL.cpp in Sources */,
				CE4C2E6813628C6A0071F1C9 /* boxgrid_fragment.c in Sources */,
				CE4C2E6913628C6A0071F1C9 /* boxgrid_vertex.c in Sources */,
				CE4C2E6F13628C6A0071F1C9 /* particle_complete_fragment.c in Sources */,
				CE4C2E7013628C6A0071F1C9 /* particle_complete_vertex.c in Sources */,
				CE4C2E7113628C6A0071F1C9 /* particle_create_fragment.c in Sources */,
				CE4C2E7213628C6A0071F1C9 /* particle_create_vertex.c in Sources */,
				CE4C2E7313628C6A0071F1C9 /* texture_aftershock_fragment.c in Sources */,
				CE4C2E7413628C6A0071F1C9 /* texture_aftershock_vertex.c in Sources */,
			);
			runOnlyForDeploymentPostprocessing = 0;
		};
		CE8D89ED135E94B700C083EA /* Sources */ = {
			isa = PBXSourcesBuildPhase;
			buildActionMask = 2147483647;
			files = (
				CE8D8A02135E94B700C083EA /* aitTests.m in Sources */,
			);
			runOnlyForDeploymentPostprocessing = 0;
		};
/* End PBXSourcesBuildPhase section */

/* Begin PBXTargetDependency section */
		CE8D89F7135E94B700C083EA /* PBXTargetDependency */ = {
			isa = PBXTargetDependency;
			target = CE8D89C2135E94B700C083EA /* ait */;
			targetProxy = CE8D89F6135E94B700C083EA /* PBXContainerItemProxy */;
		};
/* End PBXTargetDependency section */

/* Begin PBXVariantGroup section */
		CE8D89D4135E94B700C083EA /* InfoPlist.strings */ = {
			isa = PBXVariantGroup;
			children = (
				CE8D89D5135E94B700C083EA /* en */,
			);
			name = InfoPlist.strings;
			sourceTree = "<group>";
		};
		CE8D89DD135E94B700C083EA /* MainWindow.xib */ = {
			isa = PBXVariantGroup;
			children = (
				CE8D89DE135E94B700C083EA /* en */,
			);
			name = MainWindow.xib;
			sourceTree = "<group>";
		};
		CE8D89EA135E94B700C083EA /* aitViewController.xib */ = {
			isa = PBXVariantGroup;
			children = (
				CE8D89EB135E94B700C083EA /* en */,
			);
			name = aitViewController.xib;
			sourceTree = "<group>";
		};
		CE8D89FB135E94B700C083EA /* InfoPlist.strings */ = {
			isa = PBXVariantGroup;
			children = (
				CE8D89FC135E94B700C083EA /* en */,
			);
			name = InfoPlist.strings;
			sourceTree = "<group>";
		};
/* End PBXVariantGroup section */

/* Begin XCBuildConfiguration section */
		CE8D8A03135E94B700C083EA /* Debug */ = {
			isa = XCBuildConfiguration;
			buildSettings = {
				ARCHS = "$(ARCHS_STANDARD_32_BIT)";
				"CODE_SIGN_IDENTITY[sdk=iphoneos*]" = "iPhone Developer";
				GCC_C_LANGUAGE_STANDARD = gnu99;
				GCC_OPTIMIZATION_LEVEL = 0;
				GCC_PREPROCESSOR_DEFINITIONS = (
					DEBUG,
					IOS_GL,
				);
				GCC_SYMBOLS_PRIVATE_EXTERN = NO;
				GCC_VERSION = com.apple.compilers.llvmgcc42;
				GCC_WARN_ABOUT_RETURN_TYPE = YES;
				GCC_WARN_UNUSED_VARIABLE = YES;
				IPHONEOS_DEPLOYMENT_TARGET = 4.3;
				SDKROOT = iphoneos;
			};
			name = Debug;
		};
		CE8D8A04135E94B700C083EA /* Release */ = {
			isa = XCBuildConfiguration;
			buildSettings = {
				ARCHS = "$(ARCHS_STANDARD_32_BIT)";
				"CODE_SIGN_IDENTITY[sdk=iphoneos*]" = "iPhone Developer";
				GCC_C_LANGUAGE_STANDARD = gnu99;
				GCC_PREPROCESSOR_DEFINITIONS = IOS_GL;
				GCC_VERSION = com.apple.compilers.llvmgcc42;
				GCC_WARN_ABOUT_RETURN_TYPE = YES;
				GCC_WARN_UNUSED_VARIABLE = YES;
				IPHONEOS_DEPLOYMENT_TARGET = 4.3;
				OTHER_CFLAGS = "-DNS_BLOCK_ASSERTIONS=1";
				SDKROOT = iphoneos;
			};
			name = Release;
		};
		CE8D8A06135E94B700C083EA /* Debug */ = {
			isa = XCBuildConfiguration;
			buildSettings = {
				ALWAYS_SEARCH_USER_PATHS = NO;
				COPY_PHASE_STRIP = NO;
				GCC_DYNAMIC_NO_PIC = NO;
				GCC_PRECOMPILE_PREFIX_HEADER = YES;
				GCC_PREFIX_HEADER = "ait/ait-Prefix.pch";
				"GCC_THUMB_SUPPORT[arch=armv6]" = "";
				INFOPLIST_FILE = "ait/ait-Info.plist";
				PRODUCT_NAME = "$(TARGET_NAME)";
				WRAPPER_EXTENSION = app;
			};
			name = Debug;
		};
		CE8D8A07135E94B700C083EA /* Release */ = {
			isa = XCBuildConfiguration;
			buildSettings = {
				ALWAYS_SEARCH_USER_PATHS = NO;
				COPY_PHASE_STRIP = YES;
				GCC_PRECOMPILE_PREFIX_HEADER = YES;
				GCC_PREFIX_HEADER = "ait/ait-Prefix.pch";
				"GCC_THUMB_SUPPORT[arch=armv6]" = "";
				INFOPLIST_FILE = "ait/ait-Info.plist";
				PRODUCT_NAME = "$(TARGET_NAME)";
				VALIDATE_PRODUCT = YES;
				WRAPPER_EXTENSION = app;
			};
			name = Release;
		};
		CE8D8A09135E94B700C083EA /* Debug */ = {
			isa = XCBuildConfiguration;
			buildSettings = {
				ALWAYS_SEARCH_USER_PATHS = NO;
				BUNDLE_LOADER = "$(BUILT_PRODUCTS_DIR)/ait.app/ait";
				FRAMEWORK_SEARCH_PATHS = (
					"$(SDKROOT)/Developer/Library/Frameworks",
					"$(DEVELOPER_LIBRARY_DIR)/Frameworks",
				);
				GCC_PRECOMPILE_PREFIX_HEADER = YES;
				GCC_PREFIX_HEADER = "aitTests/aitTests-Prefix.pch";
				INFOPLIST_FILE = "aitTests/aitTests-Info.plist";
				OTHER_LDFLAGS = (
					"-framework",
					SenTestingKit,
				);
				PRODUCT_NAME = "$(TARGET_NAME)";
				TEST_HOST = "$(BUNDLE_LOADER)";
				WRAPPER_EXTENSION = octest;
			};
			name = Debug;
		};
		CE8D8A0A135E94B700C083EA /* Release */ = {
			isa = XCBuildConfiguration;
			buildSettings = {
				ALWAYS_SEARCH_USER_PATHS = NO;
				BUNDLE_LOADER = "$(BUILT_PRODUCTS_DIR)/ait.app/ait";
				FRAMEWORK_SEARCH_PATHS = (
					"$(SDKROOT)/Developer/Library/Frameworks",
					"$(DEVELOPER_LIBRARY_DIR)/Frameworks",
				);
				GCC_PRECOMPILE_PREFIX_HEADER = YES;
				GCC_PREFIX_HEADER = "aitTests/aitTests-Prefix.pch";
				INFOPLIST_FILE = "aitTests/aitTests-Info.plist";
				OTHER_LDFLAGS = (
					"-framework",
					SenTestingKit,
				);
				PRODUCT_NAME = "$(TARGET_NAME)";
				TEST_HOST = "$(BUNDLE_LOADER)";
				WRAPPER_EXTENSION = octest;
			};
			name = Release;
		};
/* End XCBuildConfiguration section */

/* Begin XCConfigurationList section */
		CE8D89BD135E94B600C083EA /* Build configuration list for PBXProject "ait" */ = {
			isa = XCConfigurationList;
			buildConfigurations = (
				CE8D8A03135E94B700C083EA /* Debug */,
				CE8D8A04135E94B700C083EA /* Release */,
			);
			defaultConfigurationIsVisible = 0;
			defaultConfigurationName = Release;
		};
		CE8D8A05135E94B700C083EA /* Build configuration list for PBXNativeTarget "ait" */ = {
			isa = XCConfigurationList;
			buildConfigurations = (
				CE8D8A06135E94B700C083EA /* Debug */,
				CE8D8A07135E94B700C083EA /* Release */,
			);
			defaultConfigurationIsVisible = 0;
			defaultConfigurationName = Release;
		};
		CE8D8A08135E94B700C083EA /* Build configuration list for PBXNativeTarget "aitTests" */ = {
			isa = XCConfigurationList;
			buildConfigurations = (
				CE8D8A09135E94B700C083EA /* Debug */,
				CE8D8A0A135E94B700C083EA /* Release */,
			);
			defaultConfigurationIsVisible = 0;
			defaultConfigurationName = Release;
		};
/* End XCConfigurationList section */
	};
	rootObject = CE8D89BA135E94B600C083EA /* Project object */;
}
